
Microsoft Visual Studio Solution File, Format Version 12.00
# Visual Studio 15
VisualStudioVersion = 15.0.37506.8
MinimumVisualStudioVersion = 10.0.40219.1
Project("{9A19103F-16F7-4668-BE54-9A1E7A4F7556}") = "pStock", "pStock\pStock.csproj", "{A774A98D-FA9C-4E2A-8D4C-B4BCD4D0F701}"
EndProject
Project("{9A19103F-16F7-4668-BE54-9A1E7A4F7556}") = "pStockUpdate", "pStockUpdate\pStockUpdate.csproj", "{7A90F15D-7975-4D53-BEB9-DB92C6CA038A}"
EndProject
Global
	GlobalSection(SolutionConfigurationPlatforms) = preSolution
		Debug|Any CPU = Debug|Any CPU
		Debug|x64 = Debug|x64
		Debug|x86 = Debug|x86
		Release|Any CPU = Release|Any CPU
		Release|x64 = Release|x64
		Release|x86 = Release|x86
	EndGlobalSection
	GlobalSection(ProjectConfigurationPlatforms) = postSolution
		{A774A98D-FA9C-4E2A-8D4C-B4BCD4D0F701}.Debug|Any CPU.ActiveCfg = Debug|Any CPU
		{A774A98D-FA9C-4E2A-8D4C-B4BCD4D0F701}.Debug|Any CPU.Build.0 = Debug|Any CPU
		{A774A98D-FA9C-4E2A-8D4C-B4BCD4D0F701}.Debug|x64.ActiveCfg = Debug|Any CPU
		{A774A98D-FA9C-4E2A-8D4C-B4BCD4D0F701}.Debug|x64.Build.0 = Debug|Any CPU
		{A774A98D-FA9C-4E2A-8D4C-B4BCD4D0F701}.Debug|x86.ActiveCfg = Debug|Any CPU
		{A774A98D-FA9C-4E2A-8D4C-B4BCD4D0F701}.Debug|x86.Build.0 = Debug|Any CPU
		{A774A98D-FA9C-4E2A-8D4C-B4BCD4D0F701}.Release|Any CPU.ActiveCfg = Release|Any CPU
		{A774A98D-FA9C-4E2A-8D4C-B4BCD4D0F701}.Release|Any CPU.Build.0 = Release|Any CPU
		{A774A98D-FA9C-4E2A-8D4C-B4BCD4D0F701}.Release|x64.ActiveCfg = Release|Any CPU
		{A774A98D-FA9C-4E2A-8D4C-B4BCD4D0F701}.Release|x64.Build.0 = Release|Any CPU
		{A774A98D-FA9C-4E2A-8D4C-B4BCD4D0F701}.Release|x86.ActiveCfg = Release|Any CPU
		{A774A98D-FA9C-4E2A-8D4C-B4BCD4D0F701}.Release|x86.Build.0 = Release|Any CPU
		{7A90F15D-7975-4D53-BEB9-DB92C6CA038A}.Debug|Any CPU.ActiveCfg = Debug|Any CPU
		{7A90F15D-7975-4D53-BEB9-DB92C6CA038A}.Debug|Any CPU.Build.0 = Debug|Any CPU
		{7A90F15D-7975-4D53-BEB9-DB92C6CA038A}.Debug|x64.ActiveCfg = Debug|Any CPU
		{7A90F15D-7975-4D53-BEB9-DB92C6CA038A}.Debug|x64.Build.0 = Debug|Any CPU
		{7A90F15D-7975-4D53-BEB9-DB92C6CA038A}.Debug|x86.ActiveCfg = Debug|Any CPU
		{7A90F15D-7975-4D53-BEB9-DB92C6CA038A}.Debug|x86.Build.0 = Debug|Any CPU
		{7A90F15D-7975-4D53-BEB9-DB92C6CA038A}.Release|Any CPU.ActiveCfg = Release|Any CPU
		{7A90F15D-7975-4D53-BEB9-DB92C6CA038A}.Release|Any CPU.Build.0 = Release|Any CPU
		{7A90F15D-7975-4D53-BEB9-DB92C6CA038A}.Release|x64.ActiveCfg = Release|Any CPU
		{7A90F15D-7975-4D53-BEB9-DB92C6CA038A}.Release|x64.Build.0 = Release|Any CPU
		{7A90F15D-7975-4D53-BEB9-DB92C6CA038A}.Release|x86.ActiveCfg = Release|Any CPU
		{7A90F15D-7975-4D53-BEB9-DB92C6CA038A}.Release|x86.Build.0 = Release|Any CPU
	EndGlobalSection
	GlobalSection(SolutionProperties) = preSolution
		HideSolutionNode = FALSE
	EndGlobalSection
	GlobalSection(ExtensibilityGlobals) = postSolution
		SolutionGuid = {BC7AF950-BA61-4A7F-9473-9796CC6D0734}
	EndGlobalSection
EndGlobal
